
Microsoft Visual Studio Solution File, Format Version 12.00
# Visual Studio Version 17
VisualStudioVersion = 17.8.34309.116
MinimumVisualStudioVersion = 10.0.40219.1
Project("{9A19103F-16F7-4668-BE54-9A1E7A4F7556}") = "GameVerse.Server", "GameVerse\Server\GameVerse.Server.csproj", "{DFA9730D-857D-487E-B4D6-D3884A94225C}"
EndProject
Project("{9A19103F-16F7-4668-BE54-9A1E7A4F7556}") = "GameVerse.Client", "GameVerse\Client\GameVerse.Client.csproj", "{C811A274-B11E-42BD-B587-F4E500B4A84D}"
EndProject
Project("{9A19103F-16F7-4668-BE54-9A1E7A4F7556}") = "GameVerse.Shared", "GameVerse\Shared\GameVerse.Shared.csproj", "{E5C26EE1-8641-4040-9D7B-94384E8B0F38}"
EndProject
Global
	GlobalSection(SolutionConfigurationPlatforms) = preSolution
		Debug|Any CPU = Debug|Any CPU
		Release|Any CPU = Release|Any CPU
	EndGlobalSection
	GlobalSection(ProjectConfigurationPlatforms) = postSolution
		{DFA9730D-857D-487E-B4D6-D3884A94225C}.Debug|Any CPU.ActiveCfg = Debug|Any CPU
		{DFA9730D-857D-487E-B4D6-D3884A94225C}.Debug|Any CPU.Build.0 = Debug|Any CPU
		{DFA9730D-857D-487E-B4D6-D3884A94225C}.Release|Any CPU.ActiveCfg = Release|Any CPU
		{DFA9730D-857D-487E-B4D6-D3884A94225C}.Release|Any CPU.Build.0 = Release|Any CPU
		{C811A274-B11E-42BD-B587-F4E500B4A84D}.Debug|Any CPU.ActiveCfg = Debug|Any CPU
		{C811A274-B11E-42BD-B587-F4E500B4A84D}.Debug|Any CPU.Build.0 = Debug|Any CPU
		{C811A274-B11E-42BD-B587-F4E500B4A84D}.Release|Any CPU.ActiveCfg = Release|Any CPU
		{C811A274-B11E-42BD-B587-F4E500B4A84D}.Release|Any CPU.Build.0 = Release|Any CPU
		{E5C26EE1-8641-4040-9D7B-94384E8B0F38}.Debug|Any CPU.ActiveCfg = Debug|Any CPU
		{E5C26EE1-8641-4040-9D7B-94384E8B0F38}.Debug|Any CPU.Build.0 = Debug|Any CPU
		{E5C26EE1-8641-4040-9D7B-94384E8B0F38}.Release|Any CPU.ActiveCfg = Release|Any CPU
		{E5C26EE1-8641-4040-9D7B-94384E8B0F38}.Release|Any CPU.Build.0 = Release|Any CPU
	EndGlobalSection
	GlobalSection(SolutionProperties) = preSolution
		HideSolutionNode = FALSE
	EndGlobalSection
	GlobalSection(ExtensibilityGlobals) = postSolution
		SolutionGuid = {E43D108B-D12A-41FA-AEA2-34A5ED5B5965}
	EndGlobalSection
EndGlobal
